dependencies:
- name: trento-server
  repository: file://../../../packaging/helm/trento-server
  version: 0.1.0
- name: postgresql
  repository: https://charts.bitnami.com/bitnami/
  version: 10.1.4
digest: sha256:c2be5b9628661d20ab55992d558c83776f18941a1754cf56120f420e37911f93
generated: "2021-10-01T11:01:08.127284291+02:00"
